
Microsoft Visual Studio Solution File, Format Version 12.00
# Visual Studio Version 16
VisualStudioVersion = 16.0.30611.23
MinimumVisualStudioVersion = 10.0.40219.1
Project("{FAE04EC0-301F-11D3-BF4B-00C04F79EFBC}") = "GetWindowsMac", "GetWindowsMac.csproj", "{A1EE7F2D-4225-402C-8855-1CF934631443}"
EndProject
Global
	GlobalSection(SolutionConfigurationPlatforms) = preSolution
		Debug|Any CPU = Debug|Any CPU
		Release|Any CPU = Release|Any CPU
	EndGlobalSection
	GlobalSection(ProjectConfigurationPlatforms) = postSolution
		{A1EE7F2D-4225-402C-8855-1CF934631443}.Debug|Any CPU.ActiveCfg = Debug|Any CPU
		{A1EE7F2D-4225-402C-8855-1CF934631443}.Debug|Any CPU.Build.0 = Debug|Any CPU
		{A1EE7F2D-4225-402C-8855-1CF934631443}.Release|Any CPU.ActiveCfg = Release|Any CPU
		{A1EE7F2D-4225-402C-8855-1CF934631443}.Release|Any CPU.Build.0 = Release|Any CPU
	EndGlobalSection
	GlobalSection(SolutionProperties) = preSolution
		HideSolutionNode = FALSE
	EndGlobalSection
	GlobalSection(ExtensibilityGlobals) = postSolution
		SolutionGuid = {2E6658B4-814F-4D70-A88F-7CBF5B4E8516}
	EndGlobalSection
EndGlobal
